
Microsoft Visual Studio Solution File, Format Version 12.00
# Visual Studio Version 16
VisualStudioVersion = 16.0.30907.101
MinimumVisualStudioVersion = 10.0.40219.1
Project("{FAE04EC0-301F-11D3-BF4B-00C04F79EFBC}") = "UserRegistrationUsingNUnitTest", "UserRegistrationUsingNUnitTest\UserRegistrationUsingNUnitTest.csproj", "{40E42380-24A4-4D4B-8BDF-CC01CD959A25}"
EndProject
Project("{FAE04EC0-301F-11D3-BF4B-00C04F79EFBC}") = "UserRegistrationNUnitTest", "UserRegistrationNUnitTest\UserRegistrationNUnitTest.csproj", "{DA24E50A-8127-4B1A-8AE0-5E66F2592EC5}"
EndProject
Global
	GlobalSection(SolutionConfigurationPlatforms) = preSolution
		Debug|Any CPU = Debug|Any CPU
		Release|Any CPU = Release|Any CPU
	EndGlobalSection
	GlobalSection(ProjectConfigurationPlatforms) = postSolution
		{40E42380-24A4-4D4B-8BDF-CC01CD959A25}.Debug|Any CPU.ActiveCfg = Debug|Any CPU
		{40E42380-24A4-4D4B-8BDF-CC01CD959A25}.Debug|Any CPU.Build.0 = Debug|Any CPU
		{40E42380-24A4-4D4B-8BDF-CC01CD959A25}.Release|Any CPU.ActiveCfg = Release|Any CPU
		{40E42380-24A4-4D4B-8BDF-CC01CD959A25}.Release|Any CPU.Build.0 = Release|Any CPU
		{DA24E50A-8127-4B1A-8AE0-5E66F2592EC5}.Debug|Any CPU.ActiveCfg = Debug|Any CPU
		{DA24E50A-8127-4B1A-8AE0-5E66F2592EC5}.Debug|Any CPU.Build.0 = Debug|Any CPU
		{DA24E50A-8127-4B1A-8AE0-5E66F2592EC5}.Release|Any CPU.ActiveCfg = Release|Any CPU
		{DA24E50A-8127-4B1A-8AE0-5E66F2592EC5}.Release|Any CPU.Build.0 = Release|Any CPU
	EndGlobalSection
	GlobalSection(SolutionProperties) = preSolution
		HideSolutionNode = FALSE
	EndGlobalSection
	GlobalSection(ExtensibilityGlobals) = postSolution
		SolutionGuid = {3E36F4D4-0780-4B51-A8FF-1EFC4780CF7E}
	EndGlobalSection
EndGlobal
